<Solution>
  <Project Path="HR.LeaveManagement.Application/HR.LeaveManagement.Application.csproj" Id="26acebd1-71af-4e4e-b0c3-644868311475" />
  <Project Path="HR.LeaveManagement.Domain/HR.LeaveManagement.Domain.csproj" />
  <Project Path="HR.LeaveManagement.Persistence/HR.LeaveManagement.Persistence.csproj" Id="e018bb56-622a-4f6c-9595-dd48ae333582" />
</Solution>
